{
  "name": "alive",
  "version": "1.0.0",
  "lockfileVersion": 3,
  "requires": true,
  "packages": {
    "": {
      "name": "alive",
      "version": "1.0.0",
      "license": "ISC",
      "dependencies": {
        "corn": "^0.0.1"
      }
    },
    "node_modules/corn": {
      "version": "0.0.1",
      "resolved": "https://registry.npmjs.org/corn/-/corn-0.0.1.tgz",
      "integrity": "sha512-e/uRqdkWqq9IZcPSOH+4hdT5ZvrTZ/g3yHxe0rM/t4nmUWOu+VfeWoHnkIPxgA1AXaE832ExLMUtmaHpbC6c2g==",
      "engines": {
        "node": ">0.2"
      }
    }
  }
}
